// !$*UTF8*$!
{
	archiveVersion = 1;
	classes = {
	};
	objectVersion = 48;
	objects = {

/* Begin PBXBuildFile section */
		A34D0F051FD03E2500DFAC49 /* AppDelegate.m in Sources */ = {isa = PBXBuildFile; fileRef = A34D0F041FD03E2500DFAC49 /* AppDelegate.m */; };
		A34D0F081FD03E2500DFAC49 /* ViewController.m in Sources */ = {isa = PBXBuildFile; fileRef = A34D0F071FD03E2500DFAC49 /* ViewController.m */; };
		A34D0F0B1FD03E2500DFAC49 /* Main.storyboard in Resources */ = {isa = PBXBuildFile; fileRef = A34D0F091FD03E2500DFAC49 /* Main.storyboard */; };
		A34D0F0D1FD03E2500DFAC49 /* Assets.xcassets in Resources */ = {isa = PBXBuildFile; fileRef = A34D0F0C1FD03E2500DFAC49 /* Assets.xcassets */; };
		A34D0F101FD03E2500DFAC49 /* LaunchScreen.storyboard in Resources */ = {isa = PBXBuildFile; fileRef = A34D0F0E1FD03E2500DFAC49 /* LaunchScreen.storyboard */; };
		A34D0F131FD03E2500DFAC49 /* main.m in Sources */ = {isa = PBXBuildFile; fileRef = A34D0F121FD03E2500DFAC49 /* main.m */; };
		A34D0F1D1FD03E2500DFAC49 /* Integer_UtilsTests.m in Sources */ = {isa = PBXBuildFile; fileRef = A34D0F1C1FD03E2500DFAC49 /* Integer_UtilsTests.m */; };
		A34D0F281FD03E2500DFAC49 /* Integer_UtilsUITests.m in Sources */ = {isa = PBXBuildFile; fileRef = A34D0F271FD03E2500DFAC49 /* Integer_UtilsUITests.m */; };
		A34D0F371FD0401500DFAC49 /* IntegerUtils.m in Sources */ = {isa = PBXBuildFile; fileRef = A34D0F361FD0401500DFAC49 /* IntegerUtils.m */; };
/* End PBXBuildFile section */

/* Begin PBXContainerItemProxy section */
		A34D0F191FD03E2500DFAC49 /* PBXContainerItemProxy */ = {
			isa = PBXContainerItemProxy;
			containerPortal = A34D0EF81FD03E2500DFAC49 /* Project object */;
			proxyType = 1;
			remoteGlobalIDString = A34D0EFF1FD03E2500DFAC49;
			remoteInfo = "Integer Utils";
		};
		A34D0F241FD03E2500DFAC49 /* PBXContainerItemProxy */ = {
			isa = PBXContainerItemProxy;
			containerPortal = A34D0EF81FD03E2500DFAC49 /* Project object */;
			proxyType = 1;
			remoteGlobalIDString = A34D0EFF1FD03E2500DFAC49;
			remoteInfo = "Integer Utils";
		};
/* End PBXContainerItemProxy section */

/* Begin PBXFileReference section */
		A34D0F001FD03E2500DFAC49 /* Integer Utils.app */ = {isa = PBXFileReference; explicitFileType = wrapper.application; includeInIndex = 0; path = "Integer Utils.app"; sourceTree = BUILT_PRODUCTS_DIR; };
		A34D0F031FD03E2500DFAC49 /* AppDelegate.h */ = {isa = PBXFileReference; lastKnownFileType = sourcecode.c.h; path = AppDelegate.h; sourceTree = "<group>"; };
		A34D0F041FD03E2500DFAC49 /* AppDelegate.m */ = {isa = PBXFileReference; lastKnownFileType = sourcecode.c.objc; path = AppDelegate.m; sourceTree = "<group>"; };
		A34D0F061FD03E2500DFAC49 /* ViewController.h */ = {isa = PBXFileReference; lastKnownFileType = sourcecode.c.h; path = ViewController.h; sourceTree = "<group>"; };
		A34D0F071FD03E2500DFAC49 /* ViewController.m */ = {isa = PBXFileReference; lastKnownFileType = sourcecode.c.objc; path = ViewController.m; sourceTree = "<group>"; };
		A34D0F0A1FD03E2500DFAC49 /* Base */ = {isa = PBXFileReference; lastKnownFileType = file.storyboard; name = Base; path = Base.lproj/Main.storyboard; sourceTree = "<group>"; };
		A34D0F0C1FD03E2500DFAC49 /* Assets.xcassets */ = {isa = PBXFileReference; lastKnownFileType = folder.assetcatalog; path = Assets.xcassets; sourceTree = "<group>"; };
		A34D0F0F1FD03E2500DFAC49 /* Base */ = {isa = PBXFileReference; lastKnownFileType = file.storyboard; name = Base; path = Base.lproj/LaunchScreen.storyboard; sourceTree = "<group>"; };
		A34D0F111FD03E2500DFAC49 /* Info.plist */ = {isa = PBXFileReference; lastKnownFileType = text.plist.xml; path = Info.plist; sourceTree = "<group>"; };
		A34D0F121FD03E2500DFAC49 /* main.m */ = {isa = PBXFileReference; lastKnownFileType = sourcecode.c.objc; path = main.m; sourceTree = "<group>"; };
		A34D0F181FD03E2500DFAC49 /* Integer UtilsTests.xctest */ = {isa = PBXFileReference; explicitFileType = wrapper.cfbundle; includeInIndex = 0; path = "Integer UtilsTests.xctest"; sourceTree = BUILT_PRODUCTS_DIR; };
		A34D0F1C1FD03E2500DFAC49 /* Integer_UtilsTests.m */ = {isa = PBXFileReference; lastKnownFileType = sourcecode.c.objc; path = Integer_UtilsTests.m; sourceTree = "<group>"; };
		A34D0F1E1FD03E2500DFAC49 /* Info.plist */ = {isa = PBXFileReference; lastKnownFileType = text.plist.xml; path = Info.plist; sourceTree = "<group>"; };
		A34D0F231FD03E2500DFAC49 /* Integer UtilsUITests.xctest */ = {isa = PBXFileReference; explicitFileType = wrapper.cfbundle; includeInIndex = 0; path = "Integer UtilsUITests.xctest"; sourceTree = BUILT_PRODUCTS_DIR; };
		A34D0F271FD03E2500DFAC49 /* Integer_UtilsUITests.m */ = {isa = PBXFileReference; lastKnownFileType = sourcecode.c.objc; path = Integer_UtilsUITests.m; sourceTree = "<group>"; };
		A34D0F291FD03E2500DFAC49 /* Info.plist */ = {isa = PBXFileReference; lastKnownFileType = text.plist.xml; path = Info.plist; sourceTree = "<group>"; };
		A34D0F351FD0401500DFAC49 /* IntegerUtils.h */ = {isa = PBXFileReference; lastKnownFileType = sourcecode.c.h; path = IntegerUtils.h; sourceTree = "<group>"; };
		A34D0F361FD0401500DFAC49 /* IntegerUtils.m */ = {isa = PBXFileReference; lastKnownFileType = sourcecode.c.objc; path = IntegerUtils.m; sourceTree = "<group>"; };
/* End PBXFileReference section */

/* Begin PBXFrameworksBuildPhase section */
		A34D0EFD1FD03E2500DFAC49 /* Frameworks */ = {
			isa = PBXFrameworksBuildPhase;
			buildActionMask = 2147483647;
			files = (
			);
			runOnlyForDeploymentPostprocessing = 0;
		};
		A34D0F151FD03E2500DFAC49 /* Frameworks */ = {
			isa = PBXFrameworksBuildPhase;
			buildActionMask = 2147483647;
			files = (
			);
			runOnlyForDeploymentPostprocessing = 0;
		};
		A34D0F201FD03E2500DFAC49 /* Frameworks */ = {
			isa = PBXFrameworksBuildPhase;
			buildActionMask = 2147483647;
			files = (
			);
			runOnlyForDeploymentPostprocessing = 0;
		};
/* End PBXFrameworksBuildPhase section */

/* Begin PBXGroup section */
		A34D0EF71FD03E2500DFAC49 = {
			isa = PBXGroup;
			children = (
				A34D0F021FD03E2500DFAC49 /* Integer Utils */,
				A34D0F1B1FD03E2500DFAC49 /* Integer UtilsTests */,
				A34D0F261FD03E2500DFAC49 /* Integer UtilsUITests */,
				A34D0F011FD03E2500DFAC49 /* Products */,
			);
			sourceTree = "<group>";
		};
		A34D0F011FD03E2500DFAC49 /* Products */ = {
			isa = PBXGroup;
			children = (
				A34D0F001FD03E2500DFAC49 /* Integer Utils.app */,
				A34D0F181FD03E2500DFAC49 /* Integer UtilsTests.xctest */,
				A34D0F231FD03E2500DFAC49 /* Integer UtilsUITests.xctest */,
			);
			name = Products;
			sourceTree = "<group>";
		};
		A34D0F021FD03E2500DFAC49 /* Integer Utils */ = {
			isa = PBXGroup;
			children = (
				A34D0F031FD03E2500DFAC49 /* AppDelegate.h */,
				A34D0F041FD03E2500DFAC49 /* AppDelegate.m */,
				A34D0F351FD0401500DFAC49 /* IntegerUtils.h */,
				A34D0F361FD0401500DFAC49 /* IntegerUtils.m */,
				A34D0F061FD03E2500DFAC49 /* ViewController.h */,
				A34D0F071FD03E2500DFAC49 /* ViewController.m */,
				A34D0F091FD03E2500DFAC49 /* Main.storyboard */,
				A34D0F0C1FD03E2500DFAC49 /* Assets.xcassets */,
				A34D0F0E1FD03E2500DFAC49 /* LaunchScreen.storyboard */,
				A34D0F111FD03E2500DFAC49 /* Info.plist */,
				A34D0F121FD03E2500DFAC49 /* main.m */,
			);
			path = "Integer Utils";
			sourceTree = "<group>";
		};
		A34D0F1B1FD03E2500DFAC49 /* Integer UtilsTests */ = {
			isa = PBXGroup;
			children = (
				A34D0F1C1FD03E2500DFAC49 /* Integer_UtilsTests.m */,
				A34D0F1E1FD03E2500DFAC49 /* Info.plist */,
			);
			path = "Integer UtilsTests";
			sourceTree = "<group>";
		};
		A34D0F261FD03E2500DFAC49 /* Integer UtilsUITests */ = {
			isa = PBXGroup;
			children = (
				A34D0F271FD03E2500DFAC49 /* Integer_UtilsUITests.m */,
				A34D0F291FD03E2500DFAC49 /* Info.plist */,
			);
			path = "Integer UtilsUITests";
			sourceTree = "<group>";
		};
/* End PBXGroup section */

/* Begin PBXNativeTarget section */
		A34D0EFF1FD03E2500DFAC49 /* Integer Utils */ = {
			isa = PBXNativeTarget;
			buildConfigurationList = A34D0F2C1FD03E2500DFAC49 /* Build configuration list for PBXNativeTarget "Integer Utils" */;
			buildPhases = (
				A34D0EFC1FD03E2500DFAC49 /* Sources */,
				A34D0EFD1FD03E2500DFAC49 /* Frameworks */,
				A34D0EFE1FD03E2500DFAC49 /* Resources */,
			);
			buildRules = (
			);
			dependencies = (
			);
			name = "Integer Utils";
			productName = "Integer Utils";
			productReference = A34D0F001FD03E2500DFAC49 /* Integer Utils.app */;
			productType = "com.apple.product-type.application";
		};
		A34D0F171FD03E2500DFAC49 /* Integer UtilsTests */ = {
			isa = PBXNativeTarget;
			buildConfigurationList = A34D0F2F1FD03E2500DFAC49 /* Build configuration list for PBXNativeTarget "Integer UtilsTests" */;
			buildPhases = (
				A34D0F141FD03E2500DFAC49 /* Sources */,
				A34D0F151FD03E2500DFAC49 /* Frameworks */,
				A34D0F161FD03E2500DFAC49 /* Resources */,
			);
			buildRules = (
			);
			dependencies = (
				A34D0F1A1FD03E2500DFAC49 /* PBXTargetDependency */,
			);
			name = "Integer UtilsTests";
			productName = "Integer UtilsTests";
			productReference = A34D0F181FD03E2500DFAC49 /* Integer UtilsTests.xctest */;
			productType = "com.apple.product-type.bundle.unit-test";
		};
		A34D0F221FD03E2500DFAC49 /* Integer UtilsUITests */ = {
			isa = PBXNativeTarget;
			buildConfigurationList = A34D0F321FD03E2500DFAC49 /* Build configuration list for PBXNativeTarget "Integer UtilsUITests" */;
			buildPhases = (
				A34D0F1F1FD03E2500DFAC49 /* Sources */,
				A34D0F201FD03E2500DFAC49 /* Frameworks */,
				A34D0F211FD03E2500DFAC49 /* Resources */,
			);
			buildRules = (
			);
			dependencies = (
				A34D0F251FD03E2500DFAC49 /* PBXTargetDependency */,
			);
			name = "Integer UtilsUITests";
			productName = "Integer UtilsUITests";
			productReference = A34D0F231FD03E2500DFAC49 /* Integer UtilsUITests.xctest */;
			productType = "com.apple.product-type.bundle.ui-testing";
		};
/* End PBXNativeTarget section */

/* Begin PBXProject section */
		A34D0EF81FD03E2500DFAC49 /* Project object */ = {
			isa = PBXProject;
			attributes = {
				LastUpgradeCheck = 0910;
				ORGANIZATIONNAME = "Eduardo de la Cruz";
				TargetAttributes = {
					A34D0EFF1FD03E2500DFAC49 = {
						CreatedOnToolsVersion = 9.1;
						ProvisioningStyle = Automatic;
					};
					A34D0F171FD03E2500DFAC49 = {
						CreatedOnToolsVersion = 9.1;
						ProvisioningStyle = Automatic;
						TestTargetID = A34D0EFF1FD03E2500DFAC49;
					};
					A34D0F221FD03E2500DFAC49 = {
						CreatedOnToolsVersion = 9.1;
						ProvisioningStyle = Automatic;
						TestTargetID = A34D0EFF1FD03E2500DFAC49;
					};
				};
			};
			buildConfigurationList = A34D0EFB1FD03E2500DFAC49 /* Build configuration list for PBXProject "Integer Utils" */;
			compatibilityVersion = "Xcode 8.0";
			developmentRegion = en;
			hasScannedForEncodings = 0;
			knownRegions = (
				en,
				Base,
			);
			mainGroup = A34D0EF71FD03E2500DFAC49;
			productRefGroup = A34D0F011FD03E2500DFAC49 /* Products */;
			projectDirPath = "";
			projectRoot = "";
			targets = (
				A34D0EFF1FD03E2500DFAC49 /* Integer Utils */,
				A34D0F171FD03E2500DFAC49 /* Integer UtilsTests */,
				A34D0F221FD03E2500DFAC49 /* Integer UtilsUITests */,
			);
		};
/* End PBXProject section */

/* Begin PBXResourcesBuildPhase section */
		A34D0EFE1FD03E2500DFAC49 /* Resources */ = {
			isa = PBXResourcesBuildPhase;
			buildActionMask = 2147483647;
			files = (
				A34D0F101FD03E2500DFAC49 /* LaunchScreen.storyboard in Resources */,
				A34D0F0D1FD03E2500DFAC49 /* Assets.xcassets in Resources */,
				A34D0F0B1FD03E2500DFAC49 /* Main.storyboard in Resources */,
			);
			runOnlyForDeploymentPostprocessing = 0;
		};
		A34D0F161FD03E2500DFAC49 /* Resources */ = {
			isa = PBXResourcesBuildPhase;
			buildActionMask = 2147483647;
			files = (
			);
			runOnlyForDeploymentPostprocessing = 0;
		};
		A34D0F211FD03E2500DFAC49 /* Resources */ = {
			isa = PBXResourcesBuildPhase;
			buildActionMask = 2147483647;
			files = (
			);
			runOnlyForDeploymentPostprocessing = 0;
		};
/* End PBXResourcesBuildPhase section */

/* Begin PBXSourcesBuildPhase section */
		A34D0EFC1FD03E2500DFAC49 /* Sources */ = {
			isa = PBXSourcesBuildPhase;
			buildActionMask = 2147483647;
			files = (
				A34D0F371FD0401500DFAC49 /* IntegerUtils.m in Sources */,
				A34D0F081FD03E2500DFAC49 /* ViewController.m in Sources */,
				A34D0F131FD03E2500DFAC49 /* main.m in Sources */,
				A34D0F051FD03E2500DFAC49 /* AppDelegate.m in Sources */,
			);
			runOnlyForDeploymentPostprocessing = 0;
		};
		A34D0F141FD03E2500DFAC49 /* Sources */ = {
			isa = PBXSourcesBuildPhase;
			buildActionMask = 2147483647;
			files = (
				A34D0F1D1FD03E2500DFAC49 /* Integer_UtilsTests.m in Sources */,
			);
			runOnlyForDeploymentPostprocessing = 0;
		};
		A34D0F1F1FD03E2500DFAC49 /* Sources */ = {
			isa = PBXSourcesBuildPhase;
			buildActionMask = 2147483647;
			files = (
				A34D0F281FD03E2500DFAC49 /* Integer_UtilsUITests.m in Sources */,
			);
			runOnlyForDeploymentPostprocessing = 0;
		};
/* End PBXSourcesBuildPhase section */

/* Begin PBXTargetDependency section */
		A34D0F1A1FD03E2500DFAC49 /* PBXTargetDependency */ = {
			isa = PBXTargetDependency;
			target = A34D0EFF1FD03E2500DFAC49 /* Integer Utils */;
			targetProxy = A34D0F191FD03E2500DFAC49 /* PBXContainerItemProxy */;
		};
		A34D0F251FD03E2500DFAC49 /* PBXTargetDependency */ = {
			isa = PBXTargetDependency;
			target = A34D0EFF1FD03E2500DFAC49 /* Integer Utils */;
			targetProxy = A34D0F241FD03E2500DFAC49 /* PBXContainerItemProxy */;
		};
/* End PBXTargetDependency section */

/* Begin PBXVariantGroup section */
		A34D0F091FD03E2500DFAC49 /* Main.storyboard */ = {
			isa = PBXVariantGroup;
			children = (
				A34D0F0A1FD03E2500DFAC49 /* Base */,
			);
			name = Main.storyboard;
			sourceTree = "<group>";
		};
		A34D0F0E1FD03E2500DFAC49 /* LaunchScreen.storyboard */ = {
			isa = PBXVariantGroup;
			children = (
				A34D0F0F1FD03E2500DFAC49 /* Base */,
			);
			name = LaunchScreen.storyboard;
			sourceTree = "<group>";
		};
/* End PBXVariantGroup section */

/* Begin XCBuildConfiguration section */
		A34D0F2A1FD03E2500DFAC49 /* Debug */ = {
			isa = XCBuildConfiguration;
			buildSettings = {
				ALWAYS_SEARCH_USER_PATHS = NO;
				CLANG_ANALYZER_NONNULL = YES;
				CLANG_ANALYZER_NUMBER_OBJECT_CONVERSION = YES_AGGRESSIVE;
				CLANG_CXX_LANGUAGE_STANDARD = "gnu++14";
				CLANG_CXX_LIBRARY = "libc++";
				CLANG_ENABLE_MODULES = YES;
				CLANG_ENABLE_OBJC_ARC = YES;
				CLANG_WARN_BLOCK_CAPTURE_AUTORELEASING = YES;
				CLANG_WARN_BOOL_CONVERSION = YES;
				CLANG_WARN_COMMA = YES;
				CLANG_WARN_CONSTANT_CONVERSION = YES;
				CLANG_WARN_DIRECT_OBJC_ISA_USAGE = YES_ERROR;
				CLANG_WARN_DOCUMENTATION_COMMENTS = YES;
				CLANG_WARN_EMPTY_BODY = YES;
				CLANG_WARN_ENUM_CONVERSION = YES;
				CLANG_WARN_INFINITE_RECURSION = YES;
				CLANG_WARN_INT_CONVERSION = YES;
				CLANG_WARN_NON_LITERAL_NULL_CONVERSION = YES;
				CLANG_WARN_OBJC_LITERAL_CONVERSION = YES;
				CLANG_WARN_OBJC_ROOT_CLASS = YES_ERROR;
				CLANG_WARN_RANGE_LOOP_ANALYSIS = YES;
				CLANG_WARN_STRICT_PROTOTYPES = YES;
				CLANG_WARN_SUSPICIOUS_MOVE = YES;
				CLANG_WARN_UNGUARDED_AVAILABILITY = YES_AGGRESSIVE;
				CLANG_WARN_UNREACHABLE_CODE = YES;
				CLANG_WARN__DUPLICATE_METHOD_MATCH = YES;
				CODE_SIGN_IDENTITY = "iPhone Developer";
				COPY_PHASE_STRIP = NO;
				DEBUG_INFORMATION_FORMAT = dwarf;
				ENABLE_STRICT_OBJC_MSGSEND = YES;
				ENABLE_TESTABILITY = YES;
				GCC_C_LANGUAGE_STANDARD = gnu11;
				GCC_DYNAMIC_NO_PIC = NO;
				GCC_NO_COMMON_BLOCKS = YES;
				GCC_OPTIMIZATION_LEVEL = 0;
				GCC_PREPROCESSOR_DEFINITIONS = (
					"DEBUG=1",
					"$(inherited)",
				);
				GCC_WARN_64_TO_32_BIT_CONVERSION = YES;
				GCC_WARN_ABOUT_RETURN_TYPE = YES_ERROR;
				GCC_WARN_UNDECLARED_SELECTOR = YES;
				GCC_WARN_UNINITIALIZED_AUTOS = YES_AGGRESSIVE;
				GCC_WARN_UNUSED_FUNCTION = YES;
				GCC_WARN_UNUSED_VARIABLE = YES;
				IPHONEOS_DEPLOYMENT_TARGET = 11.1;
				MTL_ENABLE_DEBUG_INFO = YES;
				ONLY_ACTIVE_ARCH = YES;
				SDKROOT = iphoneos;
			};
			name = Debug;
		};
		A34D0F2B1FD03E2500DFAC49 /* Release */ = {
			isa = XCBuildConfiguration;
			buildSettings = {
				ALWAYS_SEARCH_USER_PATHS = NO;
				CLANG_ANALYZER_NONNULL = YES;
				CLANG_ANALYZER_NUMBER_OBJECT_CONVERSION = YES_AGGRESSIVE;
				CLANG_CXX_LANGUAGE_STANDARD = "gnu++14";
				CLANG_CXX_LIBRARY = "libc++";
				CLANG_ENABLE_MODULES = YES;
				CLANG_ENABLE_OBJC_ARC = YES;
				CLANG_WARN_BLOCK_CAPTURE_AUTORELEASING = YES;
				CLANG_WARN_BOOL_CONVERSION = YES;
				CLANG_WARN_COMMA = YES;
				CLANG_WARN_CONSTANT_CONVERSION = YES;
				CLANG_WARN_DIRECT_OBJC_ISA_USAGE = YES_ERROR;
				CLANG_WARN_DOCUMENTATION_COMMENTS = YES;
				CLANG_WARN_EMPTY_BODY = YES;
				CLANG_WARN_ENUM_CONVERSION = YES;
				CLANG_WARN_INFINITE_RECURSION = YES;
				CLANG_WARN_INT_CONVERSION = YES;
				CLANG_WARN_NON_LITERAL_NULL_CONVERSION = YES;
				CLANG_WARN_OBJC_LITERAL_CONVERSION = YES;
				CLANG_WARN_OBJC_ROOT_CLASS = YES_ERROR;
				CLANG_WARN_RANGE_LOOP_ANALYSIS = YES;
				CLANG_WARN_STRICT_PROTOTYPES = YES;
				CLANG_WARN_SUSPICIOUS_MOVE = YES;
				CLANG_WARN_UNGUARDED_AVAILABILITY = YES_AGGRESSIVE;
				CLANG_WARN_UNREACHABLE_CODE = YES;
				CLANG_WARN__DUPLICATE_METHOD_MATCH = YES;
				CODE_SIGN_IDENTITY = "iPhone Developer";
				COPY_PHASE_STRIP = NO;
				DEBUG_INFORMATION_FORMAT = "dwarf-with-dsym";
				ENABLE_NS_ASSERTIONS = NO;
				ENABLE_STRICT_OBJC_MSGSEND = YES;
				GCC_C_LANGUAGE_STANDARD = gnu11;
				GCC_NO_COMMON_BLOCKS = YES;
				GCC_WARN_64_TO_32_BIT_CONVERSION = YES;
				GCC_WARN_ABOUT_RETURN_TYPE = YES_ERROR;
				GCC_WARN_UNDECLARED_SELECTOR = YES;
				GCC_WARN_UNINITIALIZED_AUTOS = YES_AGGRESSIVE;
				GCC_WARN_UNUSED_FUNCTION = YES;
				GCC_WARN_UNUSED_VARIABLE = YES;
				IPHONEOS_DEPLOYMENT_TARGET = 11.1;
				MTL_ENABLE_DEBUG_INFO = NO;
				SDKROOT = iphoneos;
				VALIDATE_PRODUCT = YES;
			};
			name = Release;
		};
		A34D0F2D1FD03E2500DFAC49 /* Debug */ = {
			isa = XCBuildConfiguration;
			buildSettings = {
				ASSETCATALOG_COMPILER_APPICON_NAME = AppIcon;
				CODE_SIGN_STYLE = Automatic;
				DEVELOPMENT_TEAM = 273FZ5G5B8;
				INFOPLIST_FILE = "Integer Utils/Info.plist";
				IPHONEOS_DEPLOYMENT_TARGET = 9.0;
				LD_RUNPATH_SEARCH_PATHS = "$(inherited) @executable_path/Frameworks";
				PRODUCT_BUNDLE_IDENTIFIER = "com.edelacruz.Integer-Utils";
				PRODUCT_NAME = "$(TARGET_NAME)";
				TARGETED_DEVICE_FAMILY = "1,2";
			};
			name = Debug;
		};
		A34D0F2E1FD03E2500DFAC49 /* Release */ = {
			isa = XCBuildConfiguration;
			buildSettings = {
				ASSETCATALOG_COMPILER_APPICON_NAME = AppIcon;
				CODE_SIGN_STYLE = Automatic;
				DEVELOPMENT_TEAM = 273FZ5G5B8;
				INFOPLIST_FILE = "Integer Utils/Info.plist";
				IPHONEOS_DEPLOYMENT_TARGET = 9.0;
				LD_RUNPATH_SEARCH_PATHS = "$(inherited) @executable_path/Frameworks";
				PRODUCT_BUNDLE_IDENTIFIER = "com.edelacruz.Integer-Utils";
				PRODUCT_NAME = "$(TARGET_NAME)";
				TARGETED_DEVICE_FAMILY = "1,2";
			};
			name = Release;
		};
		A34D0F301FD03E2500DFAC49 /* Debug */ = {
			isa = XCBuildConfiguration;
			buildSettings = {
				BUNDLE_LOADER = "$(TEST_HOST)";
				CODE_SIGN_STYLE = Automatic;
				INFOPLIST_FILE = "Integer UtilsTests/Info.plist";
				LD_RUNPATH_SEARCH_PATHS = "$(inherited) @executable_path/Frameworks @loader_path/Frameworks";
				PRODUCT_BUNDLE_IDENTIFIER = "com.edelacruz.Integer-UtilsTests";
				PRODUCT_NAME = "$(TARGET_NAME)";
				TARGETED_DEVICE_FAMILY = "1,2";
				TEST_HOST = "$(BUILT_PRODUCTS_DIR)/Integer Utils.app/Integer Utils";
			};
			name = Debug;
		};
		A34D0F311FD03E2500DFAC49 /* Release */ = {
			isa = XCBuildConfiguration;
			buildSettings = {
				BUNDLE_LOADER = "$(TEST_HOST)";
				CODE_SIGN_STYLE = Automatic;
				INFOPLIST_FILE = "Integer UtilsTests/Info.plist";
				LD_RUNPATH_SEARCH_PATHS = "$(inherited) @executable_path/Frameworks @loader_path/Frameworks";
				PRODUCT_BUNDLE_IDENTIFIER = "com.edelacruz.Integer-UtilsTests";
				PRODUCT_NAME = "$(TARGET_NAME)";
				TARGETED_DEVICE_FAMILY = "1,2";
				TEST_HOST = "$(BUILT_PRODUCTS_DIR)/Integer Utils.app/Integer Utils";
			};
			name = Release;
		};
		A34D0F331FD03E2500DFAC49 /* Debug */ = {
			isa = XCBuildConfiguration;
			buildSettings = {
				CODE_SIGN_STYLE = Automatic;
				INFOPLIST_FILE = "Integer UtilsUITests/Info.plist";
				LD_RUNPATH_SEARCH_PATHS = "$(inherited) @executable_path/Frameworks @loader_path/Frameworks";
				PRODUCT_BUNDLE_IDENTIFIER = "com.edelacruz.Integer-UtilsUITests";
				PRODUCT_NAME = "$(TARGET_NAME)";
				TARGETED_DEVICE_FAMILY = "1,2";
				TEST_TARGET_NAME = "Integer Utils";
			};
			name = Debug;
		};
		A34D0F341FD03E2500DFAC49 /* Release */ = {
			isa = XCBuildConfiguration;
			buildSettings = {
				CODE_SIGN_STYLE = Automatic;
				INFOPLIST_FILE = "Integer UtilsUITests/Info.plist";
				LD_RUNPATH_SEARCH_PATHS = "$(inherited) @executable_path/Frameworks @loader_path/Frameworks";
				PRODUCT_BUNDLE_IDENTIFIER = "com.edelacruz.Integer-UtilsUITests";
				PRODUCT_NAME = "$(TARGET_NAME)";
				TARGETED_DEVICE_FAMILY = "1,2";
				TEST_TARGET_NAME = "Integer Utils";
			};
			name = Release;
		};
/* End XCBuildConfiguration section */

/* Begin XCConfigurationList section */
		A34D0EFB1FD03E2500DFAC49 /* Build configuration list for PBXProject "Integer Utils" */ = {
			isa = XCConfigurationList;
			buildConfigurations = (
				A34D0F2A1FD03E2500DFAC49 /* Debug */,
				A34D0F2B1FD03E2500DFAC49 /* Release */,
			);
			defaultConfigurationIsVisible = 0;
			defaultConfigurationName = Release;
		};
		A34D0F2C1FD03E2500DFAC49 /* Build configuration list for PBXNativeTarget "Integer Utils" */ = {
			isa = XCConfigurationList;
			buildConfigurations = (
				A34D0F2D1FD03E2500DFAC49 /* Debug */,
				A34D0F2E1FD03E2500DFAC49 /* Release */,
			);
			defaultConfigurationIsVisible = 0;
			defaultConfigurationName = Release;
		};
		A34D0F2F1FD03E2500DFAC49 /* Build configuration list for PBXNativeTarget "Integer UtilsTests" */ = {
			isa = XCConfigurationList;
			buildConfigurations = (
				A34D0F301FD03E2500DFAC49 /* Debug */,
				A34D0F311FD03E2500DFAC49 /* Release */,
			);
			defaultConfigurationIsVisible = 0;
			defaultConfigurationName = Release;
		};
		A34D0F321FD03E2500DFAC49 /* Build configuration list for PBXNativeTarget "Integer UtilsUITests" */ = {
			isa = XCConfigurationList;
			buildConfigurations = (
				A34D0F331FD03E2500DFAC49 /* Debug */,
				A34D0F341FD03E2500DFAC49 /* Release */,
			);
			defaultConfigurationIsVisible = 0;
			defaultConfigurationName = Release;
		};
/* End XCConfigurationList section */
	};
	rootObject = A34D0EF81FD03E2500DFAC49 /* Project object */;
}
